
Microsoft Visual Studio Solution File, Format Version 12.00
# Visual Studio Version 16
VisualStudioVersion = 16.0.31005.135
MinimumVisualStudioVersion = 10.0.40219.1
Project("{FAE04EC0-301F-11D3-BF4B-00C04F79EFBC}") = "BonusSystem.WebServer", "BonusSystem.WebServer\BonusSystem.WebServer.csproj", "{54FB00FF-8D9E-4242-BFDC-F8F2BCC01127}"
EndProject
Global
	GlobalSection(SolutionConfigurationPlatforms) = preSolution
		Debug|Any CPU = Debug|Any CPU
		Release|Any CPU = Release|Any CPU
	EndGlobalSection
	GlobalSection(ProjectConfigurationPlatforms) = postSolution
		{54FB00FF-8D9E-4242-BFDC-F8F2BCC01127}.Debug|Any CPU.ActiveCfg = Debug|Any CPU
		{54FB00FF-8D9E-4242-BFDC-F8F2BCC01127}.Debug|Any CPU.Build.0 = Debug|Any CPU
		{54FB00FF-8D9E-4242-BFDC-F8F2BCC01127}.Release|Any CPU.ActiveCfg = Release|Any CPU
		{54FB00FF-8D9E-4242-BFDC-F8F2BCC01127}.Release|Any CPU.Build.0 = Release|Any CPU
	EndGlobalSection
	GlobalSection(SolutionProperties) = preSolution
		HideSolutionNode = FALSE
	EndGlobalSection
	GlobalSection(ExtensibilityGlobals) = postSolution
		SolutionGuid = {B1FA5566-3956-4B45-9982-8BECF31DC7E0}
	EndGlobalSection
EndGlobal
