
Microsoft Visual Studio Solution File, Format Version 12.00
# Visual Studio Version 16
VisualStudioVersion = 16.0.31005.135
MinimumVisualStudioVersion = 10.0.40219.1
Project("{9A19103F-16F7-4668-BE54-9A1E7A4F7556}") = "Bonus System", "Bonus System\Bonus System.csproj", "{41188A0E-400D-465E-BAB3-6D92798B501F}"
EndProject
Project("{9A19103F-16F7-4668-BE54-9A1E7A4F7556}") = "Bonus System.Core", "Bonus System.Core\Bonus System.Core.csproj", "{680BB549-D7C2-45CD-A827-EEB7225FE8E3}"
EndProject
Project("{9A19103F-16F7-4668-BE54-9A1E7A4F7556}") = "BonusSystem.WebServer", "BonusSystem.WebServer\BonusSystem.WebServer.csproj", "{3DCD8498-C12E-42D8-BA95-4EE90A56C81F}"
EndProject
Global
	GlobalSection(SolutionConfigurationPlatforms) = preSolution
		Debug|Any CPU = Debug|Any CPU
		Release|Any CPU = Release|Any CPU
	EndGlobalSection
	GlobalSection(ProjectConfigurationPlatforms) = postSolution
		{41188A0E-400D-465E-BAB3-6D92798B501F}.Debug|Any CPU.ActiveCfg = Debug|Any CPU
		{41188A0E-400D-465E-BAB3-6D92798B501F}.Debug|Any CPU.Build.0 = Debug|Any CPU
		{41188A0E-400D-465E-BAB3-6D92798B501F}.Release|Any CPU.ActiveCfg = Release|Any CPU
		{41188A0E-400D-465E-BAB3-6D92798B501F}.Release|Any CPU.Build.0 = Release|Any CPU
		{680BB549-D7C2-45CD-A827-EEB7225FE8E3}.Debug|Any CPU.ActiveCfg = Debug|Any CPU
		{680BB549-D7C2-45CD-A827-EEB7225FE8E3}.Debug|Any CPU.Build.0 = Debug|Any CPU
		{680BB549-D7C2-45CD-A827-EEB7225FE8E3}.Release|Any CPU.ActiveCfg = Release|Any CPU
		{680BB549-D7C2-45CD-A827-EEB7225FE8E3}.Release|Any CPU.Build.0 = Release|Any CPU
		{3DCD8498-C12E-42D8-BA95-4EE90A56C81F}.Debug|Any CPU.ActiveCfg = Debug|Any CPU
		{3DCD8498-C12E-42D8-BA95-4EE90A56C81F}.Debug|Any CPU.Build.0 = Debug|Any CPU
		{3DCD8498-C12E-42D8-BA95-4EE90A56C81F}.Release|Any CPU.ActiveCfg = Release|Any CPU
		{3DCD8498-C12E-42D8-BA95-4EE90A56C81F}.Release|Any CPU.Build.0 = Release|Any CPU
	EndGlobalSection
	GlobalSection(SolutionProperties) = preSolution
		HideSolutionNode = FALSE
	EndGlobalSection
	GlobalSection(ExtensibilityGlobals) = postSolution
		SolutionGuid = {80370CEE-8E99-4538-8803-A9DE7C71184C}
	EndGlobalSection
EndGlobal
